
Microsoft Visual Studio Solution File, Format Version 12.00
# Visual Studio Version 17
VisualStudioVersion = 17.1.32414.318
MinimumVisualStudioVersion = 10.0.40219.1
Project("{FAE04EC0-301F-11D3-BF4B-00C04F79EFBC}") = "Name_JoelCamero_BSCOE1-5", "Name_JoelCamero_BSCOE1-5\Name_JoelCamero_BSCOE1-5.csproj", "{13B2AA28-9965-415B-9D1D-9C0D6BB53053}"
EndProject
Global
	GlobalSection(SolutionConfigurationPlatforms) = preSolution
		Debug|Any CPU = Debug|Any CPU
		Release|Any CPU = Release|Any CPU
	EndGlobalSection
	GlobalSection(ProjectConfigurationPlatforms) = postSolution
		{13B2AA28-9965-415B-9D1D-9C0D6BB53053}.Debug|Any CPU.ActiveCfg = Debug|Any CPU
		{13B2AA28-9965-415B-9D1D-9C0D6BB53053}.Debug|Any CPU.Build.0 = Debug|Any CPU
		{13B2AA28-9965-415B-9D1D-9C0D6BB53053}.Release|Any CPU.ActiveCfg = Release|Any CPU
		{13B2AA28-9965-415B-9D1D-9C0D6BB53053}.Release|Any CPU.Build.0 = Release|Any CPU
	EndGlobalSection
	GlobalSection(SolutionProperties) = preSolution
		HideSolutionNode = FALSE
	EndGlobalSection
	GlobalSection(ExtensibilityGlobals) = postSolution
		SolutionGuid = {AB66C734-0A11-4DC9-9EEB-1838CA6E14A9}
	EndGlobalSection
EndGlobal
